
Microsoft Visual Studio Solution File, Format Version 12.00
# Visual Studio Version 17
VisualStudioVersion = 17.2.32616.157
MinimumVisualStudioVersion = 10.0.40219.1
Project("{FAE04EC0-301F-11D3-BF4B-00C04F79EFBC}") = "Tower", "Tower\Tower.csproj", "{DB66617C-634A-4B61-A86D-163250E20F8A}"
EndProject
Global
	GlobalSection(SolutionConfigurationPlatforms) = preSolution
		Debug|Any CPU = Debug|Any CPU
		Release|Any CPU = Release|Any CPU
	EndGlobalSection
	GlobalSection(ProjectConfigurationPlatforms) = postSolution
		{DB66617C-634A-4B61-A86D-163250E20F8A}.Debug|Any CPU.ActiveCfg = Debug|Any CPU
		{DB66617C-634A-4B61-A86D-163250E20F8A}.Debug|Any CPU.Build.0 = Debug|Any CPU
		{DB66617C-634A-4B61-A86D-163250E20F8A}.Release|Any CPU.ActiveCfg = Release|Any CPU
		{DB66617C-634A-4B61-A86D-163250E20F8A}.Release|Any CPU.Build.0 = Release|Any CPU
	EndGlobalSection
	GlobalSection(SolutionProperties) = preSolution
		HideSolutionNode = FALSE
	EndGlobalSection
	GlobalSection(ExtensibilityGlobals) = postSolution
		SolutionGuid = {F0C985E1-439F-431D-8936-3F2CED3712B9}
	EndGlobalSection
EndGlobal
